
Microsoft Visual Studio Solution File, Format Version 12.00
# Visual Studio 15
Project("{FAE04EC0-301F-11D3-BF4B-00C04F79EFBC}") = "waves-mining-probability", "waves-mining-probability\waves-mining-probability.csproj", "{406BA16D-A63C-4589-823C-DE2B66A9D5F4}"
EndProject
Global
	GlobalSection(SolutionConfigurationPlatforms) = preSolution
		Debug|anycpu = Debug|anycpu
		Release|anycpu = Release|anycpu
	EndGlobalSection
	GlobalSection(ProjectConfigurationPlatforms) = postSolution
		{406BA16D-A63C-4589-823C-DE2B66A9D5F4}.Debug|anycpu.ActiveCfg = Debug|anycpu
		{406BA16D-A63C-4589-823C-DE2B66A9D5F4}.Debug|anycpu.Build.0 = Debug|anycpu
		{406BA16D-A63C-4589-823C-DE2B66A9D5F4}.Release|anycpu.ActiveCfg = Release|anycpu
		{406BA16D-A63C-4589-823C-DE2B66A9D5F4}.Release|anycpu.Build.0 = Release|anycpu
	EndGlobalSection
EndGlobal
